
Microsoft Visual Studio Solution File, Format Version 12.00
# Visual Studio Version 17
VisualStudioVersion = 17.7.34221.43
MinimumVisualStudioVersion = 10.0.40219.1
Project("{FAE04EC0-301F-11D3-BF4B-00C04F79EFBC}") = "TimeConversor", "TimeConversor.csproj", "{9FBEE47C-3B5B-4666-A7FE-6049A5F93197}"
EndProject
Global
	GlobalSection(SolutionConfigurationPlatforms) = preSolution
		Debug|Any CPU = Debug|Any CPU
		Release|Any CPU = Release|Any CPU
	EndGlobalSection
	GlobalSection(ProjectConfigurationPlatforms) = postSolution
		{9FBEE47C-3B5B-4666-A7FE-6049A5F93197}.Debug|Any CPU.ActiveCfg = Debug|Any CPU
		{9FBEE47C-3B5B-4666-A7FE-6049A5F93197}.Debug|Any CPU.Build.0 = Debug|Any CPU
		{9FBEE47C-3B5B-4666-A7FE-6049A5F93197}.Release|Any CPU.ActiveCfg = Release|Any CPU
		{9FBEE47C-3B5B-4666-A7FE-6049A5F93197}.Release|Any CPU.Build.0 = Release|Any CPU
	EndGlobalSection
	GlobalSection(SolutionProperties) = preSolution
		HideSolutionNode = FALSE
	EndGlobalSection
	GlobalSection(ExtensibilityGlobals) = postSolution
		SolutionGuid = {4704EAE9-F60B-4C33-9963-0E163D9E2279}
	EndGlobalSection
EndGlobal
